
Microsoft Visual Studio Solution File, Format Version 12.00
# Visual Studio Version 17
VisualStudioVersion = 17.14.36414.22 d17.14
MinimumVisualStudioVersion = 10.0.40219.1
Project("{FAE04EC0-301F-11D3-BF4B-00C04F79EFBC}") = "Szablon Dyżury", "Szablon Dyżury.csproj", "{D1BDFA29-00D1-4017-B5A6-0F45FDD75C90}"
EndProject
Global
	GlobalSection(SolutionConfigurationPlatforms) = preSolution
		Debug|Any CPU = Debug|Any CPU
		Release|Any CPU = Release|Any CPU
	EndGlobalSection
	GlobalSection(ProjectConfigurationPlatforms) = postSolution
		{D1BDFA29-00D1-4017-B5A6-0F45FDD75C90}.Debug|Any CPU.ActiveCfg = Debug|Any CPU
		{D1BDFA29-00D1-4017-B5A6-0F45FDD75C90}.Debug|Any CPU.Build.0 = Debug|Any CPU
		{D1BDFA29-00D1-4017-B5A6-0F45FDD75C90}.Release|Any CPU.ActiveCfg = Release|Any CPU
		{D1BDFA29-00D1-4017-B5A6-0F45FDD75C90}.Release|Any CPU.Build.0 = Release|Any CPU
	EndGlobalSection
	GlobalSection(SolutionProperties) = preSolution
		HideSolutionNode = FALSE
	EndGlobalSection
	GlobalSection(ExtensibilityGlobals) = postSolution
		SolutionGuid = {641E6DCE-E612-484D-BCEA-AABB94ED539F}
	EndGlobalSection
EndGlobal
